
Microsoft Visual Studio Solution File, Format Version 12.00
# Visual Studio 15
VisualStudioVersion = 15.0.26730.10
MinimumVisualStudioVersion = 10.0.40219.1
Project("{FAE04EC0-301F-11D3-BF4B-00C04F79EFBC}") = "SudokuSolverEngine", "SudokuSolverEngine\SudokuSolverEngine.csproj", "{5444991A-E723-4022-B898-B2B4F1F11500}"
EndProject
Project("{FAE04EC0-301F-11D3-BF4B-00C04F79EFBC}") = "SudokuSolverEngineTest", "SudokuSolverEngineTest\SudokuSolverEngineTest.csproj", "{19F910AE-94C3-4E5C-BFA4-D236175DC144}"
EndProject
Global
	GlobalSection(SolutionConfigurationPlatforms) = preSolution
		Debug|Any CPU = Debug|Any CPU
		Release|Any CPU = Release|Any CPU
	EndGlobalSection
	GlobalSection(ProjectConfigurationPlatforms) = postSolution
		{5444991A-E723-4022-B898-B2B4F1F11500}.Debug|Any CPU.ActiveCfg = Debug|Any CPU
		{5444991A-E723-4022-B898-B2B4F1F11500}.Debug|Any CPU.Build.0 = Debug|Any CPU
		{5444991A-E723-4022-B898-B2B4F1F11500}.Release|Any CPU.ActiveCfg = Release|Any CPU
		{5444991A-E723-4022-B898-B2B4F1F11500}.Release|Any CPU.Build.0 = Release|Any CPU
		{19F910AE-94C3-4E5C-BFA4-D236175DC144}.Debug|Any CPU.ActiveCfg = Debug|Any CPU
		{19F910AE-94C3-4E5C-BFA4-D236175DC144}.Debug|Any CPU.Build.0 = Debug|Any CPU
		{19F910AE-94C3-4E5C-BFA4-D236175DC144}.Release|Any CPU.ActiveCfg = Release|Any CPU
		{19F910AE-94C3-4E5C-BFA4-D236175DC144}.Release|Any CPU.Build.0 = Release|Any CPU
	EndGlobalSection
	GlobalSection(SolutionProperties) = preSolution
		HideSolutionNode = FALSE
	EndGlobalSection
	GlobalSection(ExtensibilityGlobals) = postSolution
		SolutionGuid = {6141A0F0-9B32-46C3-8B49-9EEB9AAE1D0E}
	EndGlobalSection
EndGlobal
